
Microsoft Visual Studio Solution File, Format Version 12.00
# Visual Studio 15
VisualStudioVersion = 15.0.26430.16
MinimumVisualStudioVersion = 10.0.40219.1
Project("{FAE04EC0-301F-11D3-BF4B-00C04F79EFBC}") = "Problem01", "Problem01\Problem01.csproj", "{58E877A7-06F3-4076-B9AF-0B57124EA2E4}"
EndProject
Project("{FAE04EC0-301F-11D3-BF4B-00C04F79EFBC}") = "Problem03", "Problem03\Problem03.csproj", "{CB8C3059-495D-4077-9808-7C70F7E4B59C}"
EndProject
Project("{FAE04EC0-301F-11D3-BF4B-00C04F79EFBC}") = "Problem02", "Problem02\Problem02.csproj", "{8C4E351C-B0EF-434F-9007-AD5B53BF6D3A}"
EndProject
Project("{FAE04EC0-301F-11D3-BF4B-00C04F79EFBC}") = "Problem04", "Problem04\Problem04.csproj", "{D95ABE67-2071-490F-AD82-521772BD9EA6}"
EndProject
Global
	GlobalSection(SolutionConfigurationPlatforms) = preSolution
		Debug|Any CPU = Debug|Any CPU
		Release|Any CPU = Release|Any CPU
	EndGlobalSection
	GlobalSection(ProjectConfigurationPlatforms) = postSolution
		{58E877A7-06F3-4076-B9AF-0B57124EA2E4}.Debug|Any CPU.ActiveCfg = Debug|Any CPU
		{58E877A7-06F3-4076-B9AF-0B57124EA2E4}.Debug|Any CPU.Build.0 = Debug|Any CPU
		{58E877A7-06F3-4076-B9AF-0B57124EA2E4}.Release|Any CPU.ActiveCfg = Release|Any CPU
		{58E877A7-06F3-4076-B9AF-0B57124EA2E4}.Release|Any CPU.Build.0 = Release|Any CPU
		{CB8C3059-495D-4077-9808-7C70F7E4B59C}.Debug|Any CPU.ActiveCfg = Debug|Any CPU
		{CB8C3059-495D-4077-9808-7C70F7E4B59C}.Debug|Any CPU.Build.0 = Debug|Any CPU
		{CB8C3059-495D-4077-9808-7C70F7E4B59C}.Release|Any CPU.ActiveCfg = Release|Any CPU
		{CB8C3059-495D-4077-9808-7C70F7E4B59C}.Release|Any CPU.Build.0 = Release|Any CPU
		{8C4E351C-B0EF-434F-9007-AD5B53BF6D3A}.Debug|Any CPU.ActiveCfg = Debug|Any CPU
		{8C4E351C-B0EF-434F-9007-AD5B53BF6D3A}.Debug|Any CPU.Build.0 = Debug|Any CPU
		{8C4E351C-B0EF-434F-9007-AD5B53BF6D3A}.Release|Any CPU.ActiveCfg = Release|Any CPU
		{8C4E351C-B0EF-434F-9007-AD5B53BF6D3A}.Release|Any CPU.Build.0 = Release|Any CPU
		{D95ABE67-2071-490F-AD82-521772BD9EA6}.Debug|Any CPU.ActiveCfg = Debug|Any CPU
		{D95ABE67-2071-490F-AD82-521772BD9EA6}.Debug|Any CPU.Build.0 = Debug|Any CPU
		{D95ABE67-2071-490F-AD82-521772BD9EA6}.Release|Any CPU.ActiveCfg = Release|Any CPU
		{D95ABE67-2071-490F-AD82-521772BD9EA6}.Release|Any CPU.Build.0 = Release|Any CPU
	EndGlobalSection
	GlobalSection(SolutionProperties) = preSolution
		HideSolutionNode = FALSE
	EndGlobalSection
EndGlobal
